
Microsoft Visual Studio Solution File, Format Version 12.00
# Visual Studio Version 17
VisualStudioVersion = 17.13.35806.99 d17.13
MinimumVisualStudioVersion = 10.0.40219.1
Project("{8BC9CEB8-8B4A-11D0-8D11-00A0C91BC942}") = "Question 2 - Polynomial Function", "Question 2 - Polynomial Function\Question 2 - Polynomial Function.vcxproj", "{F0BF8526-A735-428B-A378-F14FF56344CB}"
EndProject
Global
	GlobalSection(SolutionConfigurationPlatforms) = preSolution
		Debug|x64 = Debug|x64
		Debug|x86 = Debug|x86
		Release|x64 = Release|x64
		Release|x86 = Release|x86
	EndGlobalSection
	GlobalSection(ProjectConfigurationPlatforms) = postSolution
		{F0BF8526-A735-428B-A378-F14FF56344CB}.Debug|x64.ActiveCfg = Debug|x64
		{F0BF8526-A735-428B-A378-F14FF56344CB}.Debug|x64.Build.0 = Debug|x64
		{F0BF8526-A735-428B-A378-F14FF56344CB}.Debug|x86.ActiveCfg = Debug|Win32
		{F0BF8526-A735-428B-A378-F14FF56344CB}.Debug|x86.Build.0 = Debug|Win32
		{F0BF8526-A735-428B-A378-F14FF56344CB}.Release|x64.ActiveCfg = Release|x64
		{F0BF8526-A735-428B-A378-F14FF56344CB}.Release|x64.Build.0 = Release|x64
		{F0BF8526-A735-428B-A378-F14FF56344CB}.Release|x86.ActiveCfg = Release|Win32
		{F0BF8526-A735-428B-A378-F14FF56344CB}.Release|x86.Build.0 = Release|Win32
	EndGlobalSection
	GlobalSection(SolutionProperties) = preSolution
		HideSolutionNode = FALSE
	EndGlobalSection
	GlobalSection(ExtensibilityGlobals) = postSolution
		SolutionGuid = {AA690D20-3EDB-4CE4-8FCA-C6D32C33F282}
	EndGlobalSection
EndGlobal
